
Microsoft Visual Studio Solution File, Format Version 12.00
# Visual Studio Version 16
VisualStudioVersion = 16.0.29709.97
MinimumVisualStudioVersion = 10.0.40219.1
Project("{FAE04EC0-301F-11D3-BF4B-00C04F79EFBC}") = "canteen", "canteen\canteen.csproj", "{CCB1E769-54A4-44F1-8B13-FFDD4A32AC8E}"
EndProject
Global
	GlobalSection(SolutionConfigurationPlatforms) = preSolution
		Debug|Any CPU = Debug|Any CPU
		Release|Any CPU = Release|Any CPU
	EndGlobalSection
	GlobalSection(ProjectConfigurationPlatforms) = postSolution
		{CCB1E769-54A4-44F1-8B13-FFDD4A32AC8E}.Debug|Any CPU.ActiveCfg = Debug|Any CPU
		{CCB1E769-54A4-44F1-8B13-FFDD4A32AC8E}.Debug|Any CPU.Build.0 = Debug|Any CPU
		{CCB1E769-54A4-44F1-8B13-FFDD4A32AC8E}.Release|Any CPU.ActiveCfg = Release|Any CPU
		{CCB1E769-54A4-44F1-8B13-FFDD4A32AC8E}.Release|Any CPU.Build.0 = Release|Any CPU
	EndGlobalSection
	GlobalSection(SolutionProperties) = preSolution
		HideSolutionNode = FALSE
	EndGlobalSection
	GlobalSection(ExtensibilityGlobals) = postSolution
		SolutionGuid = {9518DE96-086D-4EEC-A7F5-C6141B08CF53}
	EndGlobalSection
EndGlobal
